
Microsoft Visual Studio Solution File, Format Version 12.00
# Visual Studio 15
VisualStudioVersion = 15.0.28307.539
MinimumVisualStudioVersion = 10.0.40219.1
Project("{FAE04EC0-301F-11D3-BF4B-00C04F79EFBC}") = "Behtech", "Behtech\Behtech.csproj", "{53878FCD-216C-4D2E-AB75-31E264F12270}"
EndProject
Global
	GlobalSection(SolutionConfigurationPlatforms) = preSolution
		Debug|Any CPU = Debug|Any CPU
		Release|Any CPU = Release|Any CPU
	EndGlobalSection
	GlobalSection(ProjectConfigurationPlatforms) = postSolution
		{53878FCD-216C-4D2E-AB75-31E264F12270}.Debug|Any CPU.ActiveCfg = Debug|Any CPU
		{53878FCD-216C-4D2E-AB75-31E264F12270}.Debug|Any CPU.Build.0 = Debug|Any CPU
		{53878FCD-216C-4D2E-AB75-31E264F12270}.Release|Any CPU.ActiveCfg = Release|Any CPU
		{53878FCD-216C-4D2E-AB75-31E264F12270}.Release|Any CPU.Build.0 = Release|Any CPU
	EndGlobalSection
	GlobalSection(SolutionProperties) = preSolution
		HideSolutionNode = FALSE
	EndGlobalSection
	GlobalSection(ExtensibilityGlobals) = postSolution
		SolutionGuid = {D26F697C-C53D-4D5A-8186-430FEF0F5B39}
	EndGlobalSection
EndGlobal
